
Microsoft Visual Studio Solution File, Format Version 12.00
# Visual Studio 14
VisualStudioVersion = 14.0.24720.0
MinimumVisualStudioVersion = 10.0.40219.1
Project("{FAE04EC0-301F-11D3-BF4B-00C04F79EFBC}") = "Task1", "Task1\Task1.csproj", "{6FF1EADE-012C-4F7D-BD9E-5F1DBDC8BC90}"
EndProject
Project("{FAE04EC0-301F-11D3-BF4B-00C04F79EFBC}") = "Task2", "Task2\Task2.csproj", "{BF9F5653-8806-4CAB-B377-B6BDB5F24073}"
EndProject
Project("{FAE04EC0-301F-11D3-BF4B-00C04F79EFBC}") = "ConsoleApp1", "ConsoleApp1\ConsoleApp1.csproj", "{44EBA0A9-05D5-45A8-9226-D348D8B36BCA}"
EndProject
Project("{FAE04EC0-301F-11D3-BF4B-00C04F79EFBC}") = "Task3", "Task3\Task3.csproj", "{138783CE-4982-4DB7-B890-F7BB79E3FB4B}"
EndProject
Project("{FAE04EC0-301F-11D3-BF4B-00C04F79EFBC}") = "Task4", "Task4\Task4.csproj", "{34CDC04F-1274-4771-9C4D-9B09A27C81D5}"
EndProject
Global
	GlobalSection(SolutionConfigurationPlatforms) = preSolution
		Debug|Any CPU = Debug|Any CPU
		Release|Any CPU = Release|Any CPU
	EndGlobalSection
	GlobalSection(ProjectConfigurationPlatforms) = postSolution
		{6FF1EADE-012C-4F7D-BD9E-5F1DBDC8BC90}.Debug|Any CPU.ActiveCfg = Debug|Any CPU
		{6FF1EADE-012C-4F7D-BD9E-5F1DBDC8BC90}.Debug|Any CPU.Build.0 = Debug|Any CPU
		{6FF1EADE-012C-4F7D-BD9E-5F1DBDC8BC90}.Release|Any CPU.ActiveCfg = Release|Any CPU
		{6FF1EADE-012C-4F7D-BD9E-5F1DBDC8BC90}.Release|Any CPU.Build.0 = Release|Any CPU
		{BF9F5653-8806-4CAB-B377-B6BDB5F24073}.Debug|Any CPU.ActiveCfg = Debug|Any CPU
		{BF9F5653-8806-4CAB-B377-B6BDB5F24073}.Debug|Any CPU.Build.0 = Debug|Any CPU
		{BF9F5653-8806-4CAB-B377-B6BDB5F24073}.Release|Any CPU.ActiveCfg = Release|Any CPU
		{BF9F5653-8806-4CAB-B377-B6BDB5F24073}.Release|Any CPU.Build.0 = Release|Any CPU
		{44EBA0A9-05D5-45A8-9226-D348D8B36BCA}.Debug|Any CPU.ActiveCfg = Debug|Any CPU
		{44EBA0A9-05D5-45A8-9226-D348D8B36BCA}.Debug|Any CPU.Build.0 = Debug|Any CPU
		{44EBA0A9-05D5-45A8-9226-D348D8B36BCA}.Release|Any CPU.ActiveCfg = Release|Any CPU
		{44EBA0A9-05D5-45A8-9226-D348D8B36BCA}.Release|Any CPU.Build.0 = Release|Any CPU
		{138783CE-4982-4DB7-B890-F7BB79E3FB4B}.Debug|Any CPU.ActiveCfg = Debug|Any CPU
		{138783CE-4982-4DB7-B890-F7BB79E3FB4B}.Debug|Any CPU.Build.0 = Debug|Any CPU
		{138783CE-4982-4DB7-B890-F7BB79E3FB4B}.Release|Any CPU.ActiveCfg = Release|Any CPU
		{138783CE-4982-4DB7-B890-F7BB79E3FB4B}.Release|Any CPU.Build.0 = Release|Any CPU
		{34CDC04F-1274-4771-9C4D-9B09A27C81D5}.Debug|Any CPU.ActiveCfg = Debug|Any CPU
		{34CDC04F-1274-4771-9C4D-9B09A27C81D5}.Debug|Any CPU.Build.0 = Debug|Any CPU
		{34CDC04F-1274-4771-9C4D-9B09A27C81D5}.Release|Any CPU.ActiveCfg = Release|Any CPU
		{34CDC04F-1274-4771-9C4D-9B09A27C81D5}.Release|Any CPU.Build.0 = Release|Any CPU
	EndGlobalSection
	GlobalSection(SolutionProperties) = preSolution
		HideSolutionNode = FALSE
	EndGlobalSection
	GlobalSection(ExtensibilityGlobals) = postSolution
		SolutionGuid = {496CB0FD-59A1-42DD-B0D8-236C6D3A6030}
	EndGlobalSection
EndGlobal
