
Microsoft Visual Studio Solution File, Format Version 12.00
# Visual Studio 15
VisualStudioVersion = 15.0.28307.421
MinimumVisualStudioVersion = 10.0.40219.1
Project("{FAE04EC0-301F-11D3-BF4B-00C04F79EFBC}") = "Task1", "Task1\Task1.csproj", "{C181E52F-B43B-4A7F-A0F9-37396DE128F2}"
EndProject
Project("{FAE04EC0-301F-11D3-BF4B-00C04F79EFBC}") = "Task2", "Task2\Task2.csproj", "{5B869326-B9DD-4F63-BE6F-E01065E0344C}"
EndProject
Project("{FAE04EC0-301F-11D3-BF4B-00C04F79EFBC}") = "Task3", "Task3\Task3.csproj", "{6DEB7286-D594-45D9-98C6-77EDB664DCD9}"
EndProject
Project("{FAE04EC0-301F-11D3-BF4B-00C04F79EFBC}") = "Task4", "Task4\Task4.csproj", "{A87FBA5A-40C2-4995-A6F4-EDD735F9467B}"
EndProject
Project("{FAE04EC0-301F-11D3-BF4B-00C04F79EFBC}") = "Task5", "Task5\Task5.csproj", "{4E72DAE9-BF1B-46A5-979C-5CE20DA4E973}"
EndProject
Global
	GlobalSection(SolutionConfigurationPlatforms) = preSolution
		Debug|Any CPU = Debug|Any CPU
		Release|Any CPU = Release|Any CPU
	EndGlobalSection
	GlobalSection(ProjectConfigurationPlatforms) = postSolution
		{C181E52F-B43B-4A7F-A0F9-37396DE128F2}.Debug|Any CPU.ActiveCfg = Debug|Any CPU
		{C181E52F-B43B-4A7F-A0F9-37396DE128F2}.Debug|Any CPU.Build.0 = Debug|Any CPU
		{C181E52F-B43B-4A7F-A0F9-37396DE128F2}.Release|Any CPU.ActiveCfg = Release|Any CPU
		{C181E52F-B43B-4A7F-A0F9-37396DE128F2}.Release|Any CPU.Build.0 = Release|Any CPU
		{5B869326-B9DD-4F63-BE6F-E01065E0344C}.Debug|Any CPU.ActiveCfg = Debug|Any CPU
		{5B869326-B9DD-4F63-BE6F-E01065E0344C}.Debug|Any CPU.Build.0 = Debug|Any CPU
		{5B869326-B9DD-4F63-BE6F-E01065E0344C}.Release|Any CPU.ActiveCfg = Release|Any CPU
		{5B869326-B9DD-4F63-BE6F-E01065E0344C}.Release|Any CPU.Build.0 = Release|Any CPU
		{6DEB7286-D594-45D9-98C6-77EDB664DCD9}.Debug|Any CPU.ActiveCfg = Debug|Any CPU
		{6DEB7286-D594-45D9-98C6-77EDB664DCD9}.Debug|Any CPU.Build.0 = Debug|Any CPU
		{6DEB7286-D594-45D9-98C6-77EDB664DCD9}.Release|Any CPU.ActiveCfg = Release|Any CPU
		{6DEB7286-D594-45D9-98C6-77EDB664DCD9}.Release|Any CPU.Build.0 = Release|Any CPU
		{A87FBA5A-40C2-4995-A6F4-EDD735F9467B}.Debug|Any CPU.ActiveCfg = Debug|Any CPU
		{A87FBA5A-40C2-4995-A6F4-EDD735F9467B}.Debug|Any CPU.Build.0 = Debug|Any CPU
		{A87FBA5A-40C2-4995-A6F4-EDD735F9467B}.Release|Any CPU.ActiveCfg = Release|Any CPU
		{A87FBA5A-40C2-4995-A6F4-EDD735F9467B}.Release|Any CPU.Build.0 = Release|Any CPU
		{4E72DAE9-BF1B-46A5-979C-5CE20DA4E973}.Debug|Any CPU.ActiveCfg = Debug|Any CPU
		{4E72DAE9-BF1B-46A5-979C-5CE20DA4E973}.Debug|Any CPU.Build.0 = Debug|Any CPU
		{4E72DAE9-BF1B-46A5-979C-5CE20DA4E973}.Release|Any CPU.ActiveCfg = Release|Any CPU
		{4E72DAE9-BF1B-46A5-979C-5CE20DA4E973}.Release|Any CPU.Build.0 = Release|Any CPU
	EndGlobalSection
	GlobalSection(SolutionProperties) = preSolution
		HideSolutionNode = FALSE
	EndGlobalSection
	GlobalSection(ExtensibilityGlobals) = postSolution
		SolutionGuid = {0FD02039-167D-4086-9911-18CCDE136104}
	EndGlobalSection
EndGlobal
