
Microsoft Visual Studio Solution File, Format Version 12.00
# Visual Studio 15
VisualStudioVersion = 15.0.28307.421
MinimumVisualStudioVersion = 10.0.40219.1
Project("{FAE04EC0-301F-11D3-BF4B-00C04F79EFBC}") = "Task01", "Task01\Task01.csproj", "{F4BF2334-A08E-40B8-A743-07DD333EBF3A}"
EndProject
Project("{FAE04EC0-301F-11D3-BF4B-00C04F79EFBC}") = "Task02", "Task02\Task02.csproj", "{8F4D2F4A-9632-406F-912C-2B19B1ABDB0D}"
EndProject
Project("{FAE04EC0-301F-11D3-BF4B-00C04F79EFBC}") = "Task03", "Task3\Task03.csproj", "{B57A0695-C467-44E9-9C8E-8603B7C05F01}"
EndProject
Global
	GlobalSection(SolutionConfigurationPlatforms) = preSolution
		Debug|Any CPU = Debug|Any CPU
		Release|Any CPU = Release|Any CPU
	EndGlobalSection
	GlobalSection(ProjectConfigurationPlatforms) = postSolution
		{F4BF2334-A08E-40B8-A743-07DD333EBF3A}.Debug|Any CPU.ActiveCfg = Debug|Any CPU
		{F4BF2334-A08E-40B8-A743-07DD333EBF3A}.Debug|Any CPU.Build.0 = Debug|Any CPU
		{F4BF2334-A08E-40B8-A743-07DD333EBF3A}.Release|Any CPU.ActiveCfg = Release|Any CPU
		{F4BF2334-A08E-40B8-A743-07DD333EBF3A}.Release|Any CPU.Build.0 = Release|Any CPU
		{8F4D2F4A-9632-406F-912C-2B19B1ABDB0D}.Debug|Any CPU.ActiveCfg = Debug|Any CPU
		{8F4D2F4A-9632-406F-912C-2B19B1ABDB0D}.Debug|Any CPU.Build.0 = Debug|Any CPU
		{8F4D2F4A-9632-406F-912C-2B19B1ABDB0D}.Release|Any CPU.ActiveCfg = Release|Any CPU
		{8F4D2F4A-9632-406F-912C-2B19B1ABDB0D}.Release|Any CPU.Build.0 = Release|Any CPU
		{B57A0695-C467-44E9-9C8E-8603B7C05F01}.Debug|Any CPU.ActiveCfg = Debug|Any CPU
		{B57A0695-C467-44E9-9C8E-8603B7C05F01}.Debug|Any CPU.Build.0 = Debug|Any CPU
		{B57A0695-C467-44E9-9C8E-8603B7C05F01}.Release|Any CPU.ActiveCfg = Release|Any CPU
		{B57A0695-C467-44E9-9C8E-8603B7C05F01}.Release|Any CPU.Build.0 = Release|Any CPU
	EndGlobalSection
	GlobalSection(SolutionProperties) = preSolution
		HideSolutionNode = FALSE
	EndGlobalSection
	GlobalSection(ExtensibilityGlobals) = postSolution
		SolutionGuid = {DD1FDD39-0F15-4705-A118-24DBA7741DC9}
	EndGlobalSection
EndGlobal
