
Microsoft Visual Studio Solution File, Format Version 12.00
# Visual Studio 15
VisualStudioVersion = 15.0.28307.421
MinimumVisualStudioVersion = 10.0.40219.1
Project("{FAE04EC0-301F-11D3-BF4B-00C04F79EFBC}") = "Task1", "Task1\Task1.csproj", "{D10D0327-40A1-4207-AE31-3482C850C38D}"
EndProject
Global
	GlobalSection(SolutionConfigurationPlatforms) = preSolution
		Debug|Any CPU = Debug|Any CPU
		Release|Any CPU = Release|Any CPU
	EndGlobalSection
	GlobalSection(ProjectConfigurationPlatforms) = postSolution
		{D10D0327-40A1-4207-AE31-3482C850C38D}.Debug|Any CPU.ActiveCfg = Debug|Any CPU
		{D10D0327-40A1-4207-AE31-3482C850C38D}.Debug|Any CPU.Build.0 = Debug|Any CPU
		{D10D0327-40A1-4207-AE31-3482C850C38D}.Release|Any CPU.ActiveCfg = Release|Any CPU
		{D10D0327-40A1-4207-AE31-3482C850C38D}.Release|Any CPU.Build.0 = Release|Any CPU
	EndGlobalSection
	GlobalSection(SolutionProperties) = preSolution
		HideSolutionNode = FALSE
	EndGlobalSection
	GlobalSection(ExtensibilityGlobals) = postSolution
		SolutionGuid = {B0DB712D-C52B-47D6-81F4-FFBED52FF554}
	EndGlobalSection
EndGlobal
