
Microsoft Visual Studio Solution File, Format Version 12.00
# Visual Studio 15
VisualStudioVersion = 15.0.28307.438
MinimumVisualStudioVersion = 10.0.40219.1
Project("{FAE04EC0-301F-11D3-BF4B-00C04F79EFBC}") = "Task1", "Task1\Task1.csproj", "{6E9EDBFB-DE65-4358-A17C-958AE2CC0E9D}"
EndProject
Project("{FAE04EC0-301F-11D3-BF4B-00C04F79EFBC}") = "Task2", "Task2\Task2.csproj", "{F5803F56-AEE7-4316-8C20-8753946BF013}"
EndProject
Project("{FAE04EC0-301F-11D3-BF4B-00C04F79EFBC}") = "Task2 2", "Task2 2\Task2 2.csproj", "{1C56C559-3843-47A9-80BE-67E2E72BF9D9}"
EndProject
Global
	GlobalSection(SolutionConfigurationPlatforms) = preSolution
		Debug|Any CPU = Debug|Any CPU
		Release|Any CPU = Release|Any CPU
	EndGlobalSection
	GlobalSection(ProjectConfigurationPlatforms) = postSolution
		{6E9EDBFB-DE65-4358-A17C-958AE2CC0E9D}.Debug|Any CPU.ActiveCfg = Debug|Any CPU
		{6E9EDBFB-DE65-4358-A17C-958AE2CC0E9D}.Debug|Any CPU.Build.0 = Debug|Any CPU
		{6E9EDBFB-DE65-4358-A17C-958AE2CC0E9D}.Release|Any CPU.ActiveCfg = Release|Any CPU
		{6E9EDBFB-DE65-4358-A17C-958AE2CC0E9D}.Release|Any CPU.Build.0 = Release|Any CPU
		{F5803F56-AEE7-4316-8C20-8753946BF013}.Debug|Any CPU.ActiveCfg = Debug|Any CPU
		{F5803F56-AEE7-4316-8C20-8753946BF013}.Debug|Any CPU.Build.0 = Debug|Any CPU
		{F5803F56-AEE7-4316-8C20-8753946BF013}.Release|Any CPU.ActiveCfg = Release|Any CPU
		{F5803F56-AEE7-4316-8C20-8753946BF013}.Release|Any CPU.Build.0 = Release|Any CPU
		{1C56C559-3843-47A9-80BE-67E2E72BF9D9}.Debug|Any CPU.ActiveCfg = Debug|Any CPU
		{1C56C559-3843-47A9-80BE-67E2E72BF9D9}.Debug|Any CPU.Build.0 = Debug|Any CPU
		{1C56C559-3843-47A9-80BE-67E2E72BF9D9}.Release|Any CPU.ActiveCfg = Release|Any CPU
		{1C56C559-3843-47A9-80BE-67E2E72BF9D9}.Release|Any CPU.Build.0 = Release|Any CPU
	EndGlobalSection
	GlobalSection(SolutionProperties) = preSolution
		HideSolutionNode = FALSE
	EndGlobalSection
	GlobalSection(ExtensibilityGlobals) = postSolution
		SolutionGuid = {C7284210-413F-4CCC-B331-DC92C96C56D5}
	EndGlobalSection
EndGlobal
